
Microsoft Visual Studio Solution File, Format Version 12.00
Project("{FAE04EC0-301F-11D3-BF4B-00C04F79EFBC}") = "MechDancer.Framework.Net", "MechDancer.Framework.Net\MechDancer.Framework.Net.csproj", "{27485454-0D17-44C8-B2BE-E8243BBBFFA0}"
EndProject
Project("{FAE04EC0-301F-11D3-BF4B-00C04F79EFBC}") = "UserInterface", "UserInterface\UserInterface.csproj", "{BB3B17AE-2CBA-4870-80C5-1C0241F7CEFF}"
EndProject
Project("{FAE04EC0-301F-11D3-BF4B-00C04F79EFBC}") = "MechDancer.Framework.Dependency", "MechDancer.Framework.Dependency\MechDancer.Framework.Dependency.csproj", "{E8308B55-EE68-41BD-8C9D-7D5A10E84779}"
EndProject
Global
	GlobalSection(SolutionConfigurationPlatforms) = preSolution
		Debug|Any CPU = Debug|Any CPU
		Release|Any CPU = Release|Any CPU
	EndGlobalSection
	GlobalSection(ProjectConfigurationPlatforms) = postSolution
		{27485454-0D17-44C8-B2BE-E8243BBBFFA0}.Debug|Any CPU.ActiveCfg = Debug|Any CPU
		{27485454-0D17-44C8-B2BE-E8243BBBFFA0}.Debug|Any CPU.Build.0 = Debug|Any CPU
		{27485454-0D17-44C8-B2BE-E8243BBBFFA0}.Release|Any CPU.ActiveCfg = Release|Any CPU
		{27485454-0D17-44C8-B2BE-E8243BBBFFA0}.Release|Any CPU.Build.0 = Release|Any CPU
		{BB3B17AE-2CBA-4870-80C5-1C0241F7CEFF}.Debug|Any CPU.ActiveCfg = Debug|Any CPU
		{BB3B17AE-2CBA-4870-80C5-1C0241F7CEFF}.Debug|Any CPU.Build.0 = Debug|Any CPU
		{BB3B17AE-2CBA-4870-80C5-1C0241F7CEFF}.Release|Any CPU.ActiveCfg = Release|Any CPU
		{BB3B17AE-2CBA-4870-80C5-1C0241F7CEFF}.Release|Any CPU.Build.0 = Release|Any CPU
		{E8308B55-EE68-41BD-8C9D-7D5A10E84779}.Debug|Any CPU.ActiveCfg = Debug|Any CPU
		{E8308B55-EE68-41BD-8C9D-7D5A10E84779}.Debug|Any CPU.Build.0 = Debug|Any CPU
		{E8308B55-EE68-41BD-8C9D-7D5A10E84779}.Release|Any CPU.ActiveCfg = Release|Any CPU
		{E8308B55-EE68-41BD-8C9D-7D5A10E84779}.Release|Any CPU.Build.0 = Release|Any CPU
	EndGlobalSection
EndGlobal
